
Microsoft Visual Studio Solution File, Format Version 12.00
# Visual Studio Version 17
VisualStudioVersion = 17.14.37012.4 d17.14
MinimumVisualStudioVersion = 10.0.40219.1
Project("{FAE04EC0-301F-11D3-BF4B-00C04F79EFBC}") = "be-dotnet-core-first", "be-dotnet-core-first\be-dotnet-core-first.csproj", "{A44D3937-6E1D-4C90-8CAD-F49E8784A796}"
EndProject
Global
	GlobalSection(SolutionConfigurationPlatforms) = preSolution
		Debug|Any CPU = Debug|Any CPU
		Release|Any CPU = Release|Any CPU
	EndGlobalSection
	GlobalSection(ProjectConfigurationPlatforms) = postSolution
		{A44D3937-6E1D-4C90-8CAD-F49E8784A796}.Debug|Any CPU.ActiveCfg = Debug|Any CPU
		{A44D3937-6E1D-4C90-8CAD-F49E8784A796}.Debug|Any CPU.Build.0 = Debug|Any CPU
		{A44D3937-6E1D-4C90-8CAD-F49E8784A796}.Release|Any CPU.ActiveCfg = Release|Any CPU
		{A44D3937-6E1D-4C90-8CAD-F49E8784A796}.Release|Any CPU.Build.0 = Release|Any CPU
	EndGlobalSection
	GlobalSection(SolutionProperties) = preSolution
		HideSolutionNode = FALSE
	EndGlobalSection
	GlobalSection(ExtensibilityGlobals) = postSolution
		SolutionGuid = {85D6D417-0537-4782-840C-12569A9450D5}
	EndGlobalSection
EndGlobal
